
Microsoft Visual Studio Solution File, Format Version 12.00
# Visual Studio 2012
Project("{FAE04EC0-301F-11D3-BF4B-00C04F79EFBC}") = "InfiniteMinesweeper.Godot", "InfiniteMinesweeper.Godot.csproj", "{90AE4DE9-6964-4324-A777-DF25FB51EB07}"
EndProject
Project("{FAE04EC0-301F-11D3-BF4B-00C04F79EFBC}") = "InfiniteMinesweeper.App", "lib/InfiniteMinesweeper/InfiniteMinesweeper.App/InfiniteMinesweeper.App.csproj", "{49D90B8A-F0AB-4D06-BE5B-E2EFE81AC5CB}"
EndProject
Global
	GlobalSection(SolutionConfigurationPlatforms) = preSolution
		Debug|Any CPU = Debug|Any CPU
		Debug|x64 = Debug|x64
		Debug|x86 = Debug|x86
		ExportDebug|Any CPU = ExportDebug|Any CPU
		ExportDebug|x64 = ExportDebug|x64
		ExportDebug|x86 = ExportDebug|x86
		ExportRelease|Any CPU = ExportRelease|Any CPU
		ExportRelease|x64 = ExportRelease|x64
		ExportRelease|x86 = ExportRelease|x86
		Release|Any CPU = Release|Any CPU
		Release|x64 = Release|x64
		Release|x86 = Release|x86
	EndGlobalSection
	GlobalSection(ProjectConfigurationPlatforms) = postSolution
		{90AE4DE9-6964-4324-A777-DF25FB51EB07}.Debug|Any CPU.ActiveCfg = Debug|Any CPU
		{90AE4DE9-6964-4324-A777-DF25FB51EB07}.Debug|Any CPU.Build.0 = Debug|Any CPU
		{90AE4DE9-6964-4324-A777-DF25FB51EB07}.Debug|x64.ActiveCfg = Debug|Any CPU
		{90AE4DE9-6964-4324-A777-DF25FB51EB07}.Debug|x64.Build.0 = Debug|Any CPU
		{90AE4DE9-6964-4324-A777-DF25FB51EB07}.Debug|x86.ActiveCfg = Debug|Any CPU
		{90AE4DE9-6964-4324-A777-DF25FB51EB07}.Debug|x86.Build.0 = Debug|Any CPU
		{90AE4DE9-6964-4324-A777-DF25FB51EB07}.ExportDebug|Any CPU.ActiveCfg = ExportDebug|Any CPU
		{90AE4DE9-6964-4324-A777-DF25FB51EB07}.ExportDebug|Any CPU.Build.0 = ExportDebug|Any CPU
		{90AE4DE9-6964-4324-A777-DF25FB51EB07}.ExportDebug|x64.ActiveCfg = ExportDebug|Any CPU
		{90AE4DE9-6964-4324-A777-DF25FB51EB07}.ExportDebug|x64.Build.0 = ExportDebug|Any CPU
		{90AE4DE9-6964-4324-A777-DF25FB51EB07}.ExportDebug|x86.ActiveCfg = ExportDebug|Any CPU
		{90AE4DE9-6964-4324-A777-DF25FB51EB07}.ExportDebug|x86.Build.0 = ExportDebug|Any CPU
		{90AE4DE9-6964-4324-A777-DF25FB51EB07}.ExportRelease|Any CPU.ActiveCfg = ExportRelease|Any CPU
		{90AE4DE9-6964-4324-A777-DF25FB51EB07}.ExportRelease|Any CPU.Build.0 = ExportRelease|Any CPU
		{90AE4DE9-6964-4324-A777-DF25FB51EB07}.ExportRelease|x64.ActiveCfg = ExportRelease|Any CPU
		{90AE4DE9-6964-4324-A777-DF25FB51EB07}.ExportRelease|x64.Build.0 = ExportRelease|Any CPU
		{90AE4DE9-6964-4324-A777-DF25FB51EB07}.ExportRelease|x86.ActiveCfg = ExportRelease|Any CPU
		{90AE4DE9-6964-4324-A777-DF25FB51EB07}.ExportRelease|x86.Build.0 = ExportRelease|Any CPU
		{90AE4DE9-6964-4324-A777-DF25FB51EB07}.Release|Any CPU.ActiveCfg = Release|Any CPU
		{90AE4DE9-6964-4324-A777-DF25FB51EB07}.Release|Any CPU.Build.0 = Release|Any CPU
		{90AE4DE9-6964-4324-A777-DF25FB51EB07}.Release|x64.ActiveCfg = Release|Any CPU
		{90AE4DE9-6964-4324-A777-DF25FB51EB07}.Release|x64.Build.0 = Release|Any CPU
		{90AE4DE9-6964-4324-A777-DF25FB51EB07}.Release|x86.ActiveCfg = Release|Any CPU
		{90AE4DE9-6964-4324-A777-DF25FB51EB07}.Release|x86.Build.0 = Release|Any CPU
		{49D90B8A-F0AB-4D06-BE5B-E2EFE81AC5CB}.Debug|Any CPU.ActiveCfg = Debug|Any CPU
		{49D90B8A-F0AB-4D06-BE5B-E2EFE81AC5CB}.Debug|Any CPU.Build.0 = Debug|Any CPU
		{49D90B8A-F0AB-4D06-BE5B-E2EFE81AC5CB}.Debug|x64.ActiveCfg = Debug|Any CPU
		{49D90B8A-F0AB-4D06-BE5B-E2EFE81AC5CB}.Debug|x64.Build.0 = Debug|Any CPU
		{49D90B8A-F0AB-4D06-BE5B-E2EFE81AC5CB}.Debug|x86.ActiveCfg = Debug|Any CPU
		{49D90B8A-F0AB-4D06-BE5B-E2EFE81AC5CB}.Debug|x86.Build.0 = Debug|Any CPU
		{49D90B8A-F0AB-4D06-BE5B-E2EFE81AC5CB}.ExportDebug|Any CPU.ActiveCfg = Debug|Any CPU
		{49D90B8A-F0AB-4D06-BE5B-E2EFE81AC5CB}.ExportDebug|Any CPU.Build.0 = Debug|Any CPU
		{49D90B8A-F0AB-4D06-BE5B-E2EFE81AC5CB}.ExportDebug|x64.ActiveCfg = Debug|Any CPU
		{49D90B8A-F0AB-4D06-BE5B-E2EFE81AC5CB}.ExportDebug|x64.Build.0 = Debug|Any CPU
		{49D90B8A-F0AB-4D06-BE5B-E2EFE81AC5CB}.ExportDebug|x86.ActiveCfg = Debug|Any CPU
		{49D90B8A-F0AB-4D06-BE5B-E2EFE81AC5CB}.ExportDebug|x86.Build.0 = Debug|Any CPU
		{49D90B8A-F0AB-4D06-BE5B-E2EFE81AC5CB}.ExportRelease|Any CPU.ActiveCfg = Debug|Any CPU
		{49D90B8A-F0AB-4D06-BE5B-E2EFE81AC5CB}.ExportRelease|Any CPU.Build.0 = Debug|Any CPU
		{49D90B8A-F0AB-4D06-BE5B-E2EFE81AC5CB}.ExportRelease|x64.ActiveCfg = Debug|Any CPU
		{49D90B8A-F0AB-4D06-BE5B-E2EFE81AC5CB}.ExportRelease|x64.Build.0 = Debug|Any CPU
		{49D90B8A-F0AB-4D06-BE5B-E2EFE81AC5CB}.ExportRelease|x86.ActiveCfg = Debug|Any CPU
		{49D90B8A-F0AB-4D06-BE5B-E2EFE81AC5CB}.ExportRelease|x86.Build.0 = Debug|Any CPU
		{49D90B8A-F0AB-4D06-BE5B-E2EFE81AC5CB}.Release|Any CPU.ActiveCfg = Release|Any CPU
		{49D90B8A-F0AB-4D06-BE5B-E2EFE81AC5CB}.Release|Any CPU.Build.0 = Release|Any CPU
		{49D90B8A-F0AB-4D06-BE5B-E2EFE81AC5CB}.Release|x64.ActiveCfg = Release|Any CPU
		{49D90B8A-F0AB-4D06-BE5B-E2EFE81AC5CB}.Release|x64.Build.0 = Release|Any CPU
		{49D90B8A-F0AB-4D06-BE5B-E2EFE81AC5CB}.Release|x86.ActiveCfg = Release|Any CPU
		{49D90B8A-F0AB-4D06-BE5B-E2EFE81AC5CB}.Release|x86.Build.0 = Release|Any CPU
	EndGlobalSection
	GlobalSection(SolutionProperties) = preSolution
		HideSolutionNode = FALSE
	EndGlobalSection
EndGlobal
